PODS:
  - Alamofire (4.5.1)
  - IQKeyboardManager (5.0.7)
  - ObjectMapper (3.1.0)
  - Realm (3.1.0):
    - Realm/Headers (= 3.1.0)
  - Realm/Headers (3.1.0)
  - RealmSwift (3.1.0):
    - Realm (= 3.1.0)
  - RNActivityView (0.0.7)

DEPENDENCIES:
  - Alamofire (~> 4.5.1)
  - IQKeyboardManager (~> 5.0.7)
  - ObjectMapper (~> 3.1.0)
  - RealmSwift
  - RNActivityView (~> 0.0.7)

SPEC CHECKSUMS:
  Alamofire: 2d95912bf4c34f164fdfc335872e8c312acaea4a
  IQKeyboardManager: 0bfa4607d39924116b5c0c8b55b5d789288b5cba
  ObjectMapper: 20505058f54e5c3ca69e1d6de9897d152a5369a6
  Realm: 09513d7c054678d65cd02ce09871f805b0d758ac
  RealmSwift: e868fee9b10e5490ad94b6b6ecd9027944da1824
  RNActivityView: d1bde2ec4956ad8f69da9650afe7898311221a8e

PODFILE CHECKSUM: 422623daf4eed4e7de0ea1e84af1b17695dc30c2

COCOAPODS: 1.4.0
